// !$*UTF8*$!
{
	archiveVersion = 1;
	classes = {
	};
	objectVersion = 56;
	objects = {

/* Begin PBXBuildFile section */
		9EC5F9DB2B1E250300994DC5 /* crypto_trackApp.swift in Sources */ = {isa = PBXBuildFile; fileRef = 9EC5F9DA2B1E250300994DC5 /* crypto_trackApp.swift */; };
		9EC5F9DF2B1E250600994DC5 /* Assets.xcassets in Resources */ = {isa = PBXBuildFile; fileRef = 9EC5F9DE2B1E250600994DC5 /* Assets.xcassets */; };
		9EC5F9E22B1E250600994DC5 /* Preview Assets.xcassets in Resources */ = {isa = PBXBuildFile; fileRef = 9EC5F9E12B1E250600994DC5 /* Preview Assets.xcassets */; };
		9EC5F9F12B1E271B00994DC5 /* HomeView.swift in Sources */ = {isa = PBXBuildFile; fileRef = 9EC5F9F02B1E271B00994DC5 /* HomeView.swift */; };
		9EC5F9F32B1E2FF200994DC5 /* TopMoversView.swift in Sources */ = {isa = PBXBuildFile; fileRef = 9EC5F9F22B1E2FF200994DC5 /* TopMoversView.swift */; };
		9EC5F9F52B1E300100994DC5 /* TopMoversItemView.swift in Sources */ = {isa = PBXBuildFile; fileRef = 9EC5F9F42B1E300100994DC5 /* TopMoversItemView.swift */; };
		9EC5F9F72B1E424300994DC5 /* AllCoinsView.swift in Sources */ = {isa = PBXBuildFile; fileRef = 9EC5F9F62B1E424300994DC5 /* AllCoinsView.swift */; };
		9EC5F9F92B1E424D00994DC5 /* CoinRowView.swift in Sources */ = {isa = PBXBuildFile; fileRef = 9EC5F9F82B1E424D00994DC5 /* CoinRowView.swift */; };
/* End PBXBuildFile section */

/* Begin PBXFileReference section */
		9EC5F9D72B1E250300994DC5 /* crypto-track.app */ = {isa = PBXFileReference; explicitFileType = wrapper.application; includeInIndex = 0; path = "crypto-track.app"; sourceTree = BUILT_PRODUCTS_DIR; };
		9EC5F9DA2B1E250300994DC5 /* crypto_trackApp.swift */ = {isa = PBXFileReference; lastKnownFileType = sourcecode.swift; path = crypto_trackApp.swift; sourceTree = "<group>"; };
		9EC5F9DE2B1E250600994DC5 /* Assets.xcassets */ = {isa = PBXFileReference; lastKnownFileType = folder.assetcatalog; path = Assets.xcassets; sourceTree = "<group>"; };
		9EC5F9E12B1E250600994DC5 /* Preview Assets.xcassets */ = {isa = PBXFileReference; lastKnownFileType = folder.assetcatalog; path = "Preview Assets.xcassets"; sourceTree = "<group>"; };
		9EC5F9F02B1E271B00994DC5 /* HomeView.swift */ = {isa = PBXFileReference; lastKnownFileType = sourcecode.swift; path = HomeView.swift; sourceTree = "<group>"; };
		9EC5F9F22B1E2FF200994DC5 /* TopMoversView.swift */ = {isa = PBXFileReference; lastKnownFileType = sourcecode.swift; path = TopMoversView.swift; sourceTree = "<group>"; };
		9EC5F9F42B1E300100994DC5 /* TopMoversItemView.swift */ = {isa = PBXFileReference; lastKnownFileType = sourcecode.swift; path = TopMoversItemView.swift; sourceTree = "<group>"; };
		9EC5F9F62B1E424300994DC5 /* AllCoinsView.swift */ = {isa = PBXFileReference; lastKnownFileType = sourcecode.swift; path = AllCoinsView.swift; sourceTree = "<group>"; };
		9EC5F9F82B1E424D00994DC5 /* CoinRowView.swift */ = {isa = PBXFileReference; lastKnownFileType = sourcecode.swift; path = CoinRowView.swift; sourceTree = "<group>"; };
/* End PBXFileReference section */

/* Begin PBXFrameworksBuildPhase section */
		9EC5F9D42B1E250300994DC5 /* Frameworks */ = {
			isa = PBXFrameworksBuildPhase;
			buildActionMask = 2147483647;
			files = (
			);
			runOnlyForDeploymentPostprocessing = 0;
		};
/* End PBXFrameworksBuildPhase section */

/* Begin PBXGroup section */
		9EC5F9CE2B1E250300994DC5 = {
			isa = PBXGroup;
			children = (
				9EC5F9D92B1E250300994DC5 /* crypto-track */,
				9EC5F9D82B1E250300994DC5 /* Products */,
			);
			sourceTree = "<group>";
		};
		9EC5F9D82B1E250300994DC5 /* Products */ = {
			isa = PBXGroup;
			children = (
				9EC5F9D72B1E250300994DC5 /* crypto-track.app */,
			);
			name = Products;
			sourceTree = "<group>";
		};
		9EC5F9D92B1E250300994DC5 /* crypto-track */ = {
			isa = PBXGroup;
			children = (
				9EC5F9EC2B1E25B600994DC5 /* Utils */,
				9EC5F9EB2B1E25B300994DC5 /* Extensions */,
				9EC5F9EA2B1E25AD00994DC5 /* Models */,
				9EC5F9E92B1E259A00994DC5 /* Core */,
				9EC5F9E82B1E258F00994DC5 /* App */,
				9EC5F9DE2B1E250600994DC5 /* Assets.xcassets */,
				9EC5F9E02B1E250600994DC5 /* Preview Content */,
			);
			path = "crypto-track";
			sourceTree = "<group>";
		};
		9EC5F9E02B1E250600994DC5 /* Preview Content */ = {
			isa = PBXGroup;
			children = (
				9EC5F9E12B1E250600994DC5 /* Preview Assets.xcassets */,
			);
			path = "Preview Content";
			sourceTree = "<group>";
		};
		9EC5F9E82B1E258F00994DC5 /* App */ = {
			isa = PBXGroup;
			children = (
				9EC5F9DA2B1E250300994DC5 /* crypto_trackApp.swift */,
			);
			path = App;
			sourceTree = "<group>";
		};
		9EC5F9E92B1E259A00994DC5 /* Core */ = {
			isa = PBXGroup;
			children = (
				9EC5F9ED2B1E269200994DC5 /* Home */,
			);
			path = Core;
			sourceTree = "<group>";
		};
		9EC5F9EA2B1E25AD00994DC5 /* Models */ = {
			isa = PBXGroup;
			children = (
			);
			path = Models;
			sourceTree = "<group>";
		};
		9EC5F9EB2B1E25B300994DC5 /* Extensions */ = {
			isa = PBXGroup;
			children = (
			);
			path = Extensions;
			sourceTree = "<group>";
		};
		9EC5F9EC2B1E25B600994DC5 /* Utils */ = {
			isa = PBXGroup;
			children = (
			);
			path = Utils;
			sourceTree = "<group>";
		};
		9EC5F9ED2B1E269200994DC5 /* Home */ = {
			isa = PBXGroup;
			children = (
				9EC5F9EF2B1E26F900994DC5 /* ViewModels */,
				9EC5F9EE2B1E26D500994DC5 /* Views */,
			);
			path = Home;
			sourceTree = "<group>";
		};
		9EC5F9EE2B1E26D500994DC5 /* Views */ = {
			isa = PBXGroup;
			children = (
				9EC5F9F02B1E271B00994DC5 /* HomeView.swift */,
				9EC5F9F22B1E2FF200994DC5 /* TopMoversView.swift */,
				9EC5F9F42B1E300100994DC5 /* TopMoversItemView.swift */,
				9EC5F9F62B1E424300994DC5 /* AllCoinsView.swift */,
				9EC5F9F82B1E424D00994DC5 /* CoinRowView.swift */,
			);
			path = Views;
			sourceTree = "<group>";
		};
		9EC5F9EF2B1E26F900994DC5 /* ViewModels */ = {
			isa = PBXGroup;
			children = (
			);
			path = ViewModels;
			sourceTree = "<group>";
		};
/* End PBXGroup section */

/* Begin PBXNativeTarget section */
		9EC5F9D62B1E250300994DC5 /* crypto-track */ = {
			isa = PBXNativeTarget;
			buildConfigurationList = 9EC5F9E52B1E250600994DC5 /* Build configuration list for PBXNativeTarget "crypto-track" */;
			buildPhases = (
				9EC5F9D32B1E250300994DC5 /* Sources */,
				9EC5F9D42B1E250300994DC5 /* Frameworks */,
				9EC5F9D52B1E250300994DC5 /* Resources */,
			);
			buildRules = (
			);
			dependencies = (
			);
			name = "crypto-track";
			productName = "crypto-track";
			productReference = 9EC5F9D72B1E250300994DC5 /* crypto-track.app */;
			productType = "com.apple.product-type.application";
		};
/* End PBXNativeTarget section */

/* Begin PBXProject section */
		9EC5F9CF2B1E250300994DC5 /* Project object */ = {
			isa = PBXProject;
			attributes = {
				BuildIndependentTargetsInParallel = 1;
				LastSwiftUpdateCheck = 1420;
				LastUpgradeCheck = 1420;
				TargetAttributes = {
					9EC5F9D62B1E250300994DC5 = {
						CreatedOnToolsVersion = 14.2;
					};
				};
			};
			buildConfigurationList = 9EC5F9D22B1E250300994DC5 /* Build configuration list for PBXProject "crypto-track" */;
			compatibilityVersion = "Xcode 14.0";
			developmentRegion = en;
			hasScannedForEncodings = 0;
			knownRegions = (
				en,
				Base,
			);
			mainGroup = 9EC5F9CE2B1E250300994DC5;
			productRefGroup = 9EC5F9D82B1E250300994DC5 /* Products */;
			projectDirPath = "";
			projectRoot = "";
			targets = (
				9EC5F9D62B1E250300994DC5 /* crypto-track */,
			);
		};
/* End PBXProject section */

/* Begin PBXResourcesBuildPhase section */
		9EC5F9D52B1E250300994DC5 /* Resources */ = {
			isa = PBXResourcesBuildPhase;
			buildActionMask = 2147483647;
			files = (
				9EC5F9E22B1E250600994DC5 /* Preview Assets.xcassets in Resources */,
				9EC5F9DF2B1E250600994DC5 /* Assets.xcassets in Resources */,
			);
			runOnlyForDeploymentPostprocessing = 0;
		};
/* End PBXResourcesBuildPhase section */

/* Begin PBXSourcesBuildPhase section */
		9EC5F9D32B1E250300994DC5 /* Sources */ = {
			isa = PBXSourcesBuildPhase;
			buildActionMask = 2147483647;
			files = (
				9EC5F9F92B1E424D00994DC5 /* CoinRowView.swift in Sources */,
				9EC5F9F12B1E271B00994DC5 /* HomeView.swift in Sources */,
				9EC5F9F32B1E2FF200994DC5 /* TopMoversView.swift in Sources */,
				9EC5F9F72B1E424300994DC5 /* AllCoinsView.swift in Sources */,
				9EC5F9DB2B1E250300994DC5 /* crypto_trackApp.swift in Sources */,
				9EC5F9F52B1E300100994DC5 /* TopMoversItemView.swift in Sources */,
			);
			runOnlyForDeploymentPostprocessing = 0;
		};
/* End PBXSourcesBuildPhase section */

/* Begin XCBuildConfiguration section */
		9EC5F9E32B1E250600994DC5 /* Debug */ = {
			isa = XCBuildConfiguration;
			buildSettings = {
				ALWAYS_SEARCH_USER_PATHS = NO;
				CLANG_ANALYZER_NONNULL = YES;
				CLANG_ANALYZER_NUMBER_OBJECT_CONVERSION = YES_AGGRESSIVE;
				CLANG_CXX_LANGUAGE_STANDARD = "gnu++20";
				CLANG_ENABLE_MODULES = YES;
				CLANG_ENABLE_OBJC_ARC = YES;
				CLANG_ENABLE_OBJC_WEAK = YES;
				CLANG_WARN_BLOCK_CAPTURE_AUTORELEASING = YES;
				CLANG_WARN_BOOL_CONVERSION = YES;
				CLANG_WARN_COMMA = YES;
				CLANG_WARN_CONSTANT_CONVERSION = YES;
				CLANG_WARN_DEPRECATED_OBJC_IMPLEMENTATIONS = YES;
				CLANG_WARN_DIRECT_OBJC_ISA_USAGE = YES_ERROR;
				CLANG_WARN_DOCUMENTATION_COMMENTS = YES;
				CLANG_WARN_EMPTY_BODY = YES;
				CLANG_WARN_ENUM_CONVERSION = YES;
				CLANG_WARN_INFINITE_RECURSION = YES;
				CLANG_WARN_INT_CONVERSION = YES;
				CLANG_WARN_NON_LITERAL_NULL_CONVERSION = YES;
				CLANG_WARN_OBJC_IMPLICIT_RETAIN_SELF = YES;
				CLANG_WARN_OBJC_LITERAL_CONVERSION = YES;
				CLANG_WARN_OBJC_ROOT_CLASS = YES_ERROR;
				CLANG_WARN_QUOTED_INCLUDE_IN_FRAMEWORK_HEADER = YES;
				CLANG_WARN_RANGE_LOOP_ANALYSIS = YES;
				CLANG_WARN_STRICT_PROTOTYPES = YES;
				CLANG_WARN_SUSPICIOUS_MOVE = YES;
				CLANG_WARN_UNGUARDED_AVAILABILITY = YES_AGGRESSIVE;
				CLANG_WARN_UNREACHABLE_CODE = YES;
				CLANG_WARN__DUPLICATE_METHOD_MATCH = YES;
				COPY_PHASE_STRIP = NO;
				DEBUG_INFORMATION_FORMAT = dwarf;
				ENABLE_STRICT_OBJC_MSGSEND = YES;
				ENABLE_TESTABILITY = YES;
				GCC_C_LANGUAGE_STANDARD = gnu11;
				GCC_DYNAMIC_NO_PIC = NO;
				GCC_NO_COMMON_BLOCKS = YES;
				GCC_OPTIMIZATION_LEVEL = 0;
				GCC_PREPROCESSOR_DEFINITIONS = (
					"DEBUG=1",
					"$(inherited)",
				);
				GCC_WARN_64_TO_32_BIT_CONVERSION = YES;
				GCC_WARN_ABOUT_RETURN_TYPE = YES_ERROR;
				GCC_WARN_UNDECLARED_SELECTOR = YES;
				GCC_WARN_UNINITIALIZED_AUTOS = YES_AGGRESSIVE;
				GCC_WARN_UNUSED_FUNCTION = YES;
				GCC_WARN_UNUSED_VARIABLE = YES;
				IPHONEOS_DEPLOYMENT_TARGET = 16.2;
				MTL_ENABLE_DEBUG_INFO = INCLUDE_SOURCE;
				MTL_FAST_MATH = YES;
				ONLY_ACTIVE_ARCH = YES;
				SDKROOT = iphoneos;
				SWIFT_ACTIVE_COMPILATION_CONDITIONS = DEBUG;
				SWIFT_OPTIMIZATION_LEVEL = "-Onone";
			};
			name = Debug;
		};
		9EC5F9E42B1E250600994DC5 /* Release */ = {
			isa = XCBuildConfiguration;
			buildSettings = {
				ALWAYS_SEARCH_USER_PATHS = NO;
				CLANG_ANALYZER_NONNULL = YES;
				CLANG_ANALYZER_NUMBER_OBJECT_CONVERSION = YES_AGGRESSIVE;
				CLANG_CXX_LANGUAGE_STANDARD = "gnu++20";
				CLANG_ENABLE_MODULES = YES;
				CLANG_ENABLE_OBJC_ARC = YES;
				CLANG_ENABLE_OBJC_WEAK = YES;
				CLANG_WARN_BLOCK_CAPTURE_AUTORELEASING = YES;
				CLANG_WARN_BOOL_CONVERSION = YES;
				CLANG_WARN_COMMA = YES;
				CLANG_WARN_CONSTANT_CONVERSION = YES;
				CLANG_WARN_DEPRECATED_OBJC_IMPLEMENTATIONS = YES;
				CLANG_WARN_DIRECT_OBJC_ISA_USAGE = YES_ERROR;
				CLANG_WARN_DOCUMENTATION_COMMENTS = YES;
				CLANG_WARN_EMPTY_BODY = YES;
				CLANG_WARN_ENUM_CONVERSION = YES;
				CLANG_WARN_INFINITE_RECURSION = YES;
				CLANG_WARN_INT_CONVERSION = YES;
				CLANG_WARN_NON_LITERAL_NULL_CONVERSION = YES;
				CLANG_WARN_OBJC_IMPLICIT_RETAIN_SELF = YES;
				CLANG_WARN_OBJC_LITERAL_CONVERSION = YES;
				CLANG_WARN_OBJC_ROOT_CLASS = YES_ERROR;
				CLANG_WARN_QUOTED_INCLUDE_IN_FRAMEWORK_HEADER = YES;
				CLANG_WARN_RANGE_LOOP_ANALYSIS = YES;
				CLANG_WARN_STRICT_PROTOTYPES = YES;
				CLANG_WARN_SUSPICIOUS_MOVE = YES;
				CLANG_WARN_UNGUARDED_AVAILABILITY = YES_AGGRESSIVE;
				CLANG_WARN_UNREACHABLE_CODE = YES;
				CLANG_WARN__DUPLICATE_METHOD_MATCH = YES;
				COPY_PHASE_STRIP = NO;
				DEBUG_INFORMATION_FORMAT = "dwarf-with-dsym";
				ENABLE_NS_ASSERTIONS = NO;
				ENABLE_STRICT_OBJC_MSGSEND = YES;
				GCC_C_LANGUAGE_STANDARD = gnu11;
				GCC_NO_COMMON_BLOCKS = YES;
				GCC_WARN_64_TO_32_BIT_CONVERSION = YES;
				GCC_WARN_ABOUT_RETURN_TYPE = YES_ERROR;
				GCC_WARN_UNDECLARED_SELECTOR = YES;
				GCC_WARN_UNINITIALIZED_AUTOS = YES_AGGRESSIVE;
				GCC_WARN_UNUSED_FUNCTION = YES;
				GCC_WARN_UNUSED_VARIABLE = YES;
				IPHONEOS_DEPLOYMENT_TARGET = 16.2;
				MTL_ENABLE_DEBUG_INFO = NO;
				MTL_FAST_MATH = YES;
				SDKROOT = iphoneos;
				SWIFT_COMPILATION_MODE = wholemodule;
				SWIFT_OPTIMIZATION_LEVEL = "-O";
				VALIDATE_PRODUCT = YES;
			};
			name = Release;
		};
		9EC5F9E62B1E250600994DC5 /* Debug */ = {
			isa = XCBuildConfiguration;
			buildSettings = {
				ASSETCATALOG_COMPILER_APPICON_NAME = AppIcon;
				ASSETCATALOG_COMPILER_GLOBAL_ACCENT_COLOR_NAME = AccentColor;
				CODE_SIGN_STYLE = Automatic;
				CURRENT_PROJECT_VERSION = 1;
				DEVELOPMENT_ASSET_PATHS = "\"crypto-track/Preview Content\"";
				DEVELOPMENT_TEAM = NT3V622V8B;
				ENABLE_PREVIEWS = YES;
				GENERATE_INFOPLIST_FILE = YES;
				INFOPLIST_KEY_UIApplicationSceneManifest_Generation = YES;
				INFOPLIST_KEY_UIApplicationSupportsIndirectInputEvents = YES;
				INFOPLIST_KEY_UILaunchScreen_Generation = YES;
				INFOPLIST_KEY_UISupportedInterfaceOrientations_iPad = "UIInterfaceOrientationPortrait UIInterfaceOrientationPortraitUpsideDown UIInterfaceOrientationLandscapeLeft UIInterfaceOrientationLandscapeRight";
				INFOPLIST_KEY_UISupportedInterfaceOrientations_iPhone = "UIInterfaceOrientationPortrait UIInterfaceOrientationLandscapeLeft UIInterfaceOrientationLandscapeRight";
				LD_RUNPATH_SEARCH_PATHS = (
					"$(inherited)",
					"@executable_path/Frameworks",
				);
				MARKETING_VERSION = 1.0;
				PRODUCT_BUNDLE_IDENTIFIER = "com.sebastian-nunez.crypto-track";
				PRODUCT_NAME = "$(TARGET_NAME)";
				SWIFT_EMIT_LOC_STRINGS = YES;
				SWIFT_VERSION = 5.0;
				TARGETED_DEVICE_FAMILY = "1,2";
			};
			name = Debug;
		};
		9EC5F9E72B1E250600994DC5 /* Release */ = {
			isa = XCBuildConfiguration;
			buildSettings = {
				ASSETCATALOG_COMPILER_APPICON_NAME = AppIcon;
				ASSETCATALOG_COMPILER_GLOBAL_ACCENT_COLOR_NAME = AccentColor;
				CODE_SIGN_STYLE = Automatic;
				CURRENT_PROJECT_VERSION = 1;
				DEVELOPMENT_ASSET_PATHS = "\"crypto-track/Preview Content\"";
				DEVELOPMENT_TEAM = NT3V622V8B;
				ENABLE_PREVIEWS = YES;
				GENERATE_INFOPLIST_FILE = YES;
				INFOPLIST_KEY_UIApplicationSceneManifest_Generation = YES;
				INFOPLIST_KEY_UIApplicationSupportsIndirectInputEvents = YES;
				INFOPLIST_KEY_UILaunchScreen_Generation = YES;
				INFOPLIST_KEY_UISupportedInterfaceOrientations_iPad = "UIInterfaceOrientationPortrait UIInterfaceOrientationPortraitUpsideDown UIInterfaceOrientationLandscapeLeft UIInterfaceOrientationLandscapeRight";
				INFOPLIST_KEY_UISupportedInterfaceOrientations_iPhone = "UIInterfaceOrientationPortrait UIInterfaceOrientationLandscapeLeft UIInterfaceOrientationLandscapeRight";
				LD_RUNPATH_SEARCH_PATHS = (
					"$(inherited)",
					"@executable_path/Frameworks",
				);
				MARKETING_VERSION = 1.0;
				PRODUCT_BUNDLE_IDENTIFIER = "com.sebastian-nunez.crypto-track";
				PRODUCT_NAME = "$(TARGET_NAME)";
				SWIFT_EMIT_LOC_STRINGS = YES;
				SWIFT_VERSION = 5.0;
				TARGETED_DEVICE_FAMILY = "1,2";
			};
			name = Release;
		};
/* End XCBuildConfiguration section */

/* Begin XCConfigurationList section */
		9EC5F9D22B1E250300994DC5 /* Build configuration list for PBXProject "crypto-track" */ = {
			isa = XCConfigurationList;
			buildConfigurations = (
				9EC5F9E32B1E250600994DC5 /* Debug */,
				9EC5F9E42B1E250600994DC5 /* Release */,
			);
			defaultConfigurationIsVisible = 0;
			defaultConfigurationName = Release;
		};
		9EC5F9E52B1E250600994DC5 /* Build configuration list for PBXNativeTarget "crypto-track" */ = {
			isa = XCConfigurationList;
			buildConfigurations = (
				9EC5F9E62B1E250600994DC5 /* Debug */,
				9EC5F9E72B1E250600994DC5 /* Release */,
			);
			defaultConfigurationIsVisible = 0;
			defaultConfigurationName = Release;
		};
/* End XCConfigurationList section */
	};
	rootObject = 9EC5F9CF2B1E250300994DC5 /* Project object */;
}
